
Microsoft Visual Studio Solution File, Format Version 12.00
Project("{FAE04EC0-301F-11D3-BF4B-00C04F79EFBC}") = "Demo.TransactionalOutbox.Api", "Demo.TransactionalOutbox.Api\Demo.TransactionalOutbox.Api.csproj", "{72BA5560-8427-4ED3-8E16-3A4B5AF7CDA5}"
EndProject
Project("{FAE04EC0-301F-11D3-BF4B-00C04F79EFBC}") = "Demo.TransactionalOutbox.FancyConsumer", "Demo.TransactionalOutbox.FancyConsumer\Demo.TransactionalOutbox.FancyConsumer.csproj", "{A8477E8F-E8DA-40C9-9229-FDF9388EEC32}"
EndProject
Project("{2150E333-8FDC-42A3-9474-1A3956D46DE8}") = "infra", "infra", "{C6D18EFB-F6C2-45D4-9756-E054F670B3F9}"
	ProjectSection(SolutionItems) = preProject
		infra\docker-compose.yml = infra\docker-compose.yml
	EndProjectSection
EndProject
Project("{FAE04EC0-301F-11D3-BF4B-00C04F79EFBC}") = "Demo.TransactionalOutbox.Domain", "Demo.TransactionalOutbox.Domain\Demo.TransactionalOutbox.Domain.csproj", "{CAECD5C0-4B9F-4DC6-BAF5-74FE80FBE824}"
EndProject
Project("{FAE04EC0-301F-11D3-BF4B-00C04F79EFBC}") = "Demo.TransactionalOutbox.Application", "Demo.TransactionalOutbox.Application\Demo.TransactionalOutbox.Application.csproj", "{A237B9D4-DCA1-4220-9D99-7CF91E66B23B}"
EndProject
Project("{FAE04EC0-301F-11D3-BF4B-00C04F79EFBC}") = "Demo.TransactionalOutbox.Contracts", "Demo.TransactionalOutbox.Contracts\Demo.TransactionalOutbox.Contracts.csproj", "{CD3ADA20-83D7-42BC-AC9D-7BF4577110BE}"
EndProject
Project("{2150E333-8FDC-42A3-9474-1A3956D46DE8}") = "scripts", "scripts", "{81770ED4-2AD4-47C5-A511-0689AC4F0ABD}"
	ProjectSection(SolutionItems) = preProject
		migrate.sh = migrate.sh
	EndProjectSection
EndProject
Project("{FAE04EC0-301F-11D3-BF4B-00C04F79EFBC}") = "Demo.TransactionalOutbox.Infrastructure.EventEmitter", "Demo.TransactionalOutbox.Infrastructure.EventEmitter\Demo.TransactionalOutbox.Infrastructure.EventEmitter.csproj", "{160CFF0F-A482-432C-A002-E676D4155086}"
EndProject
Project("{FAE04EC0-301F-11D3-BF4B-00C04F79EFBC}") = "Demo.TransactionalOutbox.Infrastructure.CosmosDb", "Demo.TransactionalOutbox.Infrastructure.CosmosDb\Demo.TransactionalOutbox.Infrastructure.CosmosDb.csproj", "{EAA4637B-7C2F-4DCD-8974-773CD0C66426}"
EndProject
Project("{FAE04EC0-301F-11D3-BF4B-00C04F79EFBC}") = "Demo.Transactionaloutbox.MessageRelay.CosmosDB", "Demo.Transactionaloutbox.MessageRelay.CosmosDB\Demo.Transactionaloutbox.MessageRelay.CosmosDB.csproj", "{D35B89E0-C638-452F-9359-82A62AECA2E7}"
EndProject
Global
	GlobalSection(SolutionConfigurationPlatforms) = preSolution
		Debug|Any CPU = Debug|Any CPU
		Release|Any CPU = Release|Any CPU
	EndGlobalSection
	GlobalSection(ProjectConfigurationPlatforms) = postSolution
		{72BA5560-8427-4ED3-8E16-3A4B5AF7CDA5}.Debug|Any CPU.ActiveCfg = Debug|Any CPU
		{72BA5560-8427-4ED3-8E16-3A4B5AF7CDA5}.Debug|Any CPU.Build.0 = Debug|Any CPU
		{72BA5560-8427-4ED3-8E16-3A4B5AF7CDA5}.Release|Any CPU.ActiveCfg = Release|Any CPU
		{72BA5560-8427-4ED3-8E16-3A4B5AF7CDA5}.Release|Any CPU.Build.0 = Release|Any CPU
		{A8477E8F-E8DA-40C9-9229-FDF9388EEC32}.Debug|Any CPU.ActiveCfg = Debug|Any CPU
		{A8477E8F-E8DA-40C9-9229-FDF9388EEC32}.Debug|Any CPU.Build.0 = Debug|Any CPU
		{A8477E8F-E8DA-40C9-9229-FDF9388EEC32}.Release|Any CPU.ActiveCfg = Release|Any CPU
		{A8477E8F-E8DA-40C9-9229-FDF9388EEC32}.Release|Any CPU.Build.0 = Release|Any CPU
		{CAECD5C0-4B9F-4DC6-BAF5-74FE80FBE824}.Debug|Any CPU.ActiveCfg = Debug|Any CPU
		{CAECD5C0-4B9F-4DC6-BAF5-74FE80FBE824}.Debug|Any CPU.Build.0 = Debug|Any CPU
		{CAECD5C0-4B9F-4DC6-BAF5-74FE80FBE824}.Release|Any CPU.ActiveCfg = Release|Any CPU
		{CAECD5C0-4B9F-4DC6-BAF5-74FE80FBE824}.Release|Any CPU.Build.0 = Release|Any CPU
		{A237B9D4-DCA1-4220-9D99-7CF91E66B23B}.Debug|Any CPU.ActiveCfg = Debug|Any CPU
		{A237B9D4-DCA1-4220-9D99-7CF91E66B23B}.Debug|Any CPU.Build.0 = Debug|Any CPU
		{A237B9D4-DCA1-4220-9D99-7CF91E66B23B}.Release|Any CPU.ActiveCfg = Release|Any CPU
		{A237B9D4-DCA1-4220-9D99-7CF91E66B23B}.Release|Any CPU.Build.0 = Release|Any CPU
		{CD3ADA20-83D7-42BC-AC9D-7BF4577110BE}.Debug|Any CPU.ActiveCfg = Debug|Any CPU
		{CD3ADA20-83D7-42BC-AC9D-7BF4577110BE}.Debug|Any CPU.Build.0 = Debug|Any CPU
		{CD3ADA20-83D7-42BC-AC9D-7BF4577110BE}.Release|Any CPU.ActiveCfg = Release|Any CPU
		{CD3ADA20-83D7-42BC-AC9D-7BF4577110BE}.Release|Any CPU.Build.0 = Release|Any CPU
		{160CFF0F-A482-432C-A002-E676D4155086}.Debug|Any CPU.ActiveCfg = Debug|Any CPU
		{160CFF0F-A482-432C-A002-E676D4155086}.Debug|Any CPU.Build.0 = Debug|Any CPU
		{160CFF0F-A482-432C-A002-E676D4155086}.Release|Any CPU.ActiveCfg = Release|Any CPU
		{160CFF0F-A482-432C-A002-E676D4155086}.Release|Any CPU.Build.0 = Release|Any CPU
		{EAA4637B-7C2F-4DCD-8974-773CD0C66426}.Debug|Any CPU.ActiveCfg = Debug|Any CPU
		{EAA4637B-7C2F-4DCD-8974-773CD0C66426}.Debug|Any CPU.Build.0 = Debug|Any CPU
		{EAA4637B-7C2F-4DCD-8974-773CD0C66426}.Release|Any CPU.ActiveCfg = Release|Any CPU
		{EAA4637B-7C2F-4DCD-8974-773CD0C66426}.Release|Any CPU.Build.0 = Release|Any CPU
		{D35B89E0-C638-452F-9359-82A62AECA2E7}.Debug|Any CPU.ActiveCfg = Debug|Any CPU
		{D35B89E0-C638-452F-9359-82A62AECA2E7}.Debug|Any CPU.Build.0 = Debug|Any CPU
		{D35B89E0-C638-452F-9359-82A62AECA2E7}.Release|Any CPU.ActiveCfg = Release|Any CPU
		{D35B89E0-C638-452F-9359-82A62AECA2E7}.Release|Any CPU.Build.0 = Release|Any CPU
	EndGlobalSection
EndGlobal
